
Microsoft Visual Studio Solution File, Format Version 12.00
# Visual Studio 15
VisualStudioVersion = 15.0.28307.572
MinimumVisualStudioVersion = 10.0.40219.1
Project("{FAE04EC0-301F-11D3-BF4B-00C04F79EFBC}") = "App2.Android", "App2\App2.Android\App2.Android.csproj", "{C3741083-6008-4810-AB13-A5EA0DBCD044}"
EndProject
Project("{FAE04EC0-301F-11D3-BF4B-00C04F79EFBC}") = "App2.iOS", "App2\App2.iOS\App2.iOS.csproj", "{2788D276-8387-4233-A71A-202521489356}"
EndProject
Project("{FAE04EC0-301F-11D3-BF4B-00C04F79EFBC}") = "App2", "App2\App2\App2.csproj", "{FBED97A6-884B-4AFA-9A08-93712AF01680}"
EndProject
Global
	GlobalSection(SolutionConfigurationPlatforms) = preSolution
		Ad-Hoc|Any CPU = Ad-Hoc|Any CPU
		Ad-Hoc|iPhone = Ad-Hoc|iPhone
		Ad-Hoc|iPhoneSimulator = Ad-Hoc|iPhoneSimulator
		AppStore|Any CPU = AppStore|Any CPU
		AppStore|iPhone = AppStore|iPhone
		AppStore|iPhoneSimulator = AppStore|iPhoneSimulator
		Debug|Any CPU = Debug|Any CPU
		Debug|iPhone = Debug|iPhone
		Debug|iPhoneSimulator = Debug|iPhoneSimulator
		Release|Any CPU = Release|Any CPU
		Release|iPhone = Release|iPhone
		Release|iPhoneSimulator = Release|iPhoneSimulator
	EndGlobalSection
	GlobalSection(ProjectConfigurationPlatforms) = postSolution
		{C3741083-6008-4810-AB13-A5EA0DBCD044}.Ad-Hoc|Any CPU.ActiveCfg = Release|Any CPU
		{C3741083-6008-4810-AB13-A5EA0DBCD044}.Ad-Hoc|Any CPU.Build.0 = Release|Any CPU
		{C3741083-6008-4810-AB13-A5EA0DBCD044}.Ad-Hoc|Any CPU.Deploy.0 = Release|Any CPU
		{C3741083-6008-4810-AB13-A5EA0DBCD044}.Ad-Hoc|iPhone.ActiveCfg = Release|Any CPU
		{C3741083-6008-4810-AB13-A5EA0DBCD044}.Ad-Hoc|iPhone.Build.0 = Release|Any CPU
		{C3741083-6008-4810-AB13-A5EA0DBCD044}.Ad-Hoc|iPhone.Deploy.0 = Release|Any CPU
		{C3741083-6008-4810-AB13-A5EA0DBCD044}.Ad-Hoc|iPhoneSimulator.ActiveCfg = Release|Any CPU
		{C3741083-6008-4810-AB13-A5EA0DBCD044}.Ad-Hoc|iPhoneSimulator.Build.0 = Release|Any CPU
		{C3741083-6008-4810-AB13-A5EA0DBCD044}.Ad-Hoc|iPhoneSimulator.Deploy.0 = Release|Any CPU
		{C3741083-6008-4810-AB13-A5EA0DBCD044}.AppStore|Any CPU.ActiveCfg = Release|Any CPU
		{C3741083-6008-4810-AB13-A5EA0DBCD044}.AppStore|Any CPU.Build.0 = Release|Any CPU
		{C3741083-6008-4810-AB13-A5EA0DBCD044}.AppStore|Any CPU.Deploy.0 = Release|Any CPU
		{C3741083-6008-4810-AB13-A5EA0DBCD044}.AppStore|iPhone.ActiveCfg = Release|Any CPU
		{C3741083-6008-4810-AB13-A5EA0DBCD044}.AppStore|iPhone.Build.0 = Release|Any CPU
		{C3741083-6008-4810-AB13-A5EA0DBCD044}.AppStore|iPhone.Deploy.0 = Release|Any CPU
		{C3741083-6008-4810-AB13-A5EA0DBCD044}.AppStore|iPhoneSimulator.ActiveCfg = Release|Any CPU
		{C3741083-6008-4810-AB13-A5EA0DBCD044}.AppStore|iPhoneSimulator.Build.0 = Release|Any CPU
		{C3741083-6008-4810-AB13-A5EA0DBCD044}.AppStore|iPhoneSimulator.Deploy.0 = Release|Any CPU
		{C3741083-6008-4810-AB13-A5EA0DBCD044}.Debug|Any CPU.ActiveCfg = Debug|Any CPU
		{C3741083-6008-4810-AB13-A5EA0DBCD044}.Debug|Any CPU.Build.0 = Debug|Any CPU
		{C3741083-6008-4810-AB13-A5EA0DBCD044}.Debug|Any CPU.Deploy.0 = Debug|Any CPU
		{C3741083-6008-4810-AB13-A5EA0DBCD044}.Debug|iPhone.ActiveCfg = Debug|Any CPU
		{C3741083-6008-4810-AB13-A5EA0DBCD044}.Debug|iPhone.Build.0 = Debug|Any CPU
		{C3741083-6008-4810-AB13-A5EA0DBCD044}.Debug|iPhone.Deploy.0 = Debug|Any CPU
		{C3741083-6008-4810-AB13-A5EA0DBCD044}.Debug|iPhoneSimulator.ActiveCfg = Debug|Any CPU
		{C3741083-6008-4810-AB13-A5EA0DBCD044}.Debug|iPhoneSimulator.Build.0 = Debug|Any CPU
		{C3741083-6008-4810-AB13-A5EA0DBCD044}.Debug|iPhoneSimulator.Deploy.0 = Debug|Any CPU
		{C3741083-6008-4810-AB13-A5EA0DBCD044}.Release|Any CPU.ActiveCfg = Release|Any CPU
		{C3741083-6008-4810-AB13-A5EA0DBCD044}.Release|Any CPU.Build.0 = Release|Any CPU
		{C3741083-6008-4810-AB13-A5EA0DBCD044}.Release|Any CPU.Deploy.0 = Release|Any CPU
		{C3741083-6008-4810-AB13-A5EA0DBCD044}.Release|iPhone.ActiveCfg = Release|Any CPU
		{C3741083-6008-4810-AB13-A5EA0DBCD044}.Release|iPhone.Build.0 = Release|Any CPU
		{C3741083-6008-4810-AB13-A5EA0DBCD044}.Release|iPhone.Deploy.0 = Release|Any CPU
		{C3741083-6008-4810-AB13-A5EA0DBCD044}.Release|iPhoneSimulator.ActiveCfg = Release|Any CPU
		{C3741083-6008-4810-AB13-A5EA0DBCD044}.Release|iPhoneSimulator.Build.0 = Release|Any CPU
		{C3741083-6008-4810-AB13-A5EA0DBCD044}.Release|iPhoneSimulator.Deploy.0 = Release|Any CPU
		{2788D276-8387-4233-A71A-202521489356}.Ad-Hoc|Any CPU.ActiveCfg = Ad-Hoc|iPhone
		{2788D276-8387-4233-A71A-202521489356}.Ad-Hoc|Any CPU.Build.0 = Ad-Hoc|iPhone
		{2788D276-8387-4233-A71A-202521489356}.Ad-Hoc|Any CPU.Deploy.0 = Ad-Hoc|iPhone
		{2788D276-8387-4233-A71A-202521489356}.Ad-Hoc|iPhone.ActiveCfg = Ad-Hoc|iPhone
		{2788D276-8387-4233-A71A-202521489356}.Ad-Hoc|iPhone.Build.0 = Ad-Hoc|iPhone
		{2788D276-8387-4233-A71A-202521489356}.Ad-Hoc|iPhone.Deploy.0 = Ad-Hoc|iPhone
		{2788D276-8387-4233-A71A-202521489356}.Ad-Hoc|iPhoneSimulator.ActiveCfg = Ad-Hoc|iPhoneSimulator
		{2788D276-8387-4233-A71A-202521489356}.Ad-Hoc|iPhoneSimulator.Build.0 = Ad-Hoc|iPhoneSimulator
		{2788D276-8387-4233-A71A-202521489356}.Ad-Hoc|iPhoneSimulator.Deploy.0 = Ad-Hoc|iPhoneSimulator
		{2788D276-8387-4233-A71A-202521489356}.AppStore|Any CPU.ActiveCfg = AppStore|iPhone
		{2788D276-8387-4233-A71A-202521489356}.AppStore|Any CPU.Build.0 = AppStore|iPhone
		{2788D276-8387-4233-A71A-202521489356}.AppStore|Any CPU.Deploy.0 = AppStore|iPhone
		{2788D276-8387-4233-A71A-202521489356}.AppStore|iPhone.ActiveCfg = AppStore|iPhone
		{2788D276-8387-4233-A71A-202521489356}.AppStore|iPhone.Build.0 = AppStore|iPhone
		{2788D276-8387-4233-A71A-202521489356}.AppStore|iPhone.Deploy.0 = AppStore|iPhone
		{2788D276-8387-4233-A71A-202521489356}.AppStore|iPhoneSimulator.ActiveCfg = AppStore|iPhoneSimulator
		{2788D276-8387-4233-A71A-202521489356}.AppStore|iPhoneSimulator.Build.0 = AppStore|iPhoneSimulator
		{2788D276-8387-4233-A71A-202521489356}.AppStore|iPhoneSimulator.Deploy.0 = AppStore|iPhoneSimulator
		{2788D276-8387-4233-A71A-202521489356}.Debug|Any CPU.ActiveCfg = Debug|iPhoneSimulator
		{2788D276-8387-4233-A71A-202521489356}.Debug|Any CPU.Build.0 = Debug|iPhoneSimulator
		{2788D276-8387-4233-A71A-202521489356}.Debug|Any CPU.Deploy.0 = Debug|iPhoneSimulator
		{2788D276-8387-4233-A71A-202521489356}.Debug|iPhone.ActiveCfg = Debug|iPhone
		{2788D276-8387-4233-A71A-202521489356}.Debug|iPhone.Build.0 = Debug|iPhone
		{2788D276-8387-4233-A71A-202521489356}.Debug|iPhone.Deploy.0 = Debug|iPhone
		{2788D276-8387-4233-A71A-202521489356}.Debug|iPhoneSimulator.ActiveCfg = Debug|iPhoneSimulator
		{2788D276-8387-4233-A71A-202521489356}.Debug|iPhoneSimulator.Build.0 = Debug|iPhoneSimulator
		{2788D276-8387-4233-A71A-202521489356}.Debug|iPhoneSimulator.Deploy.0 = Debug|iPhoneSimulator
		{2788D276-8387-4233-A71A-202521489356}.Release|Any CPU.ActiveCfg = Release|iPhone
		{2788D276-8387-4233-A71A-202521489356}.Release|Any CPU.Build.0 = Release|iPhone
		{2788D276-8387-4233-A71A-202521489356}.Release|Any CPU.Deploy.0 = Release|iPhone
		{2788D276-8387-4233-A71A-202521489356}.Release|iPhone.ActiveCfg = Release|iPhone
		{2788D276-8387-4233-A71A-202521489356}.Release|iPhone.Build.0 = Release|iPhone
		{2788D276-8387-4233-A71A-202521489356}.Release|iPhone.Deploy.0 = Release|iPhone
		{2788D276-8387-4233-A71A-202521489356}.Release|iPhoneSimulator.ActiveCfg = Release|iPhoneSimulator
		{2788D276-8387-4233-A71A-202521489356}.Release|iPhoneSimulator.Build.0 = Release|iPhoneSimulator
		{2788D276-8387-4233-A71A-202521489356}.Release|iPhoneSimulator.Deploy.0 = Release|iPhoneSimulator
		{FBED97A6-884B-4AFA-9A08-93712AF01680}.Ad-Hoc|Any CPU.ActiveCfg = Debug|Any CPU
		{FBED97A6-884B-4AFA-9A08-93712AF01680}.Ad-Hoc|Any CPU.Build.0 = Debug|Any CPU
		{FBED97A6-884B-4AFA-9A08-93712AF01680}.Ad-Hoc|Any CPU.Deploy.0 = Debug|Any CPU
		{FBED97A6-884B-4AFA-9A08-93712AF01680}.Ad-Hoc|iPhone.ActiveCfg = Debug|Any CPU
		{FBED97A6-884B-4AFA-9A08-93712AF01680}.Ad-Hoc|iPhone.Build.0 = Debug|Any CPU
		{FBED97A6-884B-4AFA-9A08-93712AF01680}.Ad-Hoc|iPhone.Deploy.0 = Debug|Any CPU
		{FBED97A6-884B-4AFA-9A08-93712AF01680}.Ad-Hoc|iPhoneSimulator.ActiveCfg = Debug|Any CPU
		{FBED97A6-884B-4AFA-9A08-93712AF01680}.Ad-Hoc|iPhoneSimulator.Build.0 = Debug|Any CPU
		{FBED97A6-884B-4AFA-9A08-93712AF01680}.Ad-Hoc|iPhoneSimulator.Deploy.0 = Debug|Any CPU
		{FBED97A6-884B-4AFA-9A08-93712AF01680}.AppStore|Any CPU.ActiveCfg = Debug|Any CPU
		{FBED97A6-884B-4AFA-9A08-93712AF01680}.AppStore|Any CPU.Build.0 = Debug|Any CPU
		{FBED97A6-884B-4AFA-9A08-93712AF01680}.AppStore|Any CPU.Deploy.0 = Debug|Any CPU
		{FBED97A6-884B-4AFA-9A08-93712AF01680}.AppStore|iPhone.ActiveCfg = Debug|Any CPU
		{FBED97A6-884B-4AFA-9A08-93712AF01680}.AppStore|iPhone.Build.0 = Debug|Any CPU
		{FBED97A6-884B-4AFA-9A08-93712AF01680}.AppStore|iPhone.Deploy.0 = Debug|Any CPU
		{FBED97A6-884B-4AFA-9A08-93712AF01680}.AppStore|iPhoneSimulator.ActiveCfg = Debug|Any CPU
		{FBED97A6-884B-4AFA-9A08-93712AF01680}.AppStore|iPhoneSimulator.Build.0 = Debug|Any CPU
		{FBED97A6-884B-4AFA-9A08-93712AF01680}.AppStore|iPhoneSimulator.Deploy.0 = Debug|Any CPU
		{FBED97A6-884B-4AFA-9A08-93712AF01680}.Debug|Any CPU.ActiveCfg = Debug|Any CPU
		{FBED97A6-884B-4AFA-9A08-93712AF01680}.Debug|Any CPU.Build.0 = Debug|Any CPU
		{FBED97A6-884B-4AFA-9A08-93712AF01680}.Debug|Any CPU.Deploy.0 = Debug|Any CPU
		{FBED97A6-884B-4AFA-9A08-93712AF01680}.Debug|iPhone.ActiveCfg = Debug|Any CPU
		{FBED97A6-884B-4AFA-9A08-93712AF01680}.Debug|iPhone.Build.0 = Debug|Any CPU
		{FBED97A6-884B-4AFA-9A08-93712AF01680}.Debug|iPhone.Deploy.0 = Debug|Any CPU
		{FBED97A6-884B-4AFA-9A08-93712AF01680}.Debug|iPhoneSimulator.ActiveCfg = Debug|Any CPU
		{FBED97A6-884B-4AFA-9A08-93712AF01680}.Debug|iPhoneSimulator.Build.0 = Debug|Any CPU
		{FBED97A6-884B-4AFA-9A08-93712AF01680}.Debug|iPhoneSimulator.Deploy.0 = Debug|Any CPU
		{FBED97A6-884B-4AFA-9A08-93712AF01680}.Release|Any CPU.ActiveCfg = Release|Any CPU
		{FBED97A6-884B-4AFA-9A08-93712AF01680}.Release|Any CPU.Build.0 = Release|Any CPU
		{FBED97A6-884B-4AFA-9A08-93712AF01680}.Release|Any CPU.Deploy.0 = Release|Any CPU
		{FBED97A6-884B-4AFA-9A08-93712AF01680}.Release|iPhone.ActiveCfg = Release|Any CPU
		{FBED97A6-884B-4AFA-9A08-93712AF01680}.Release|iPhone.Build.0 = Release|Any CPU
		{FBED97A6-884B-4AFA-9A08-93712AF01680}.Release|iPhone.Deploy.0 = Release|Any CPU
		{FBED97A6-884B-4AFA-9A08-93712AF01680}.Release|iPhoneSimulator.ActiveCfg = Release|Any CPU
		{FBED97A6-884B-4AFA-9A08-93712AF01680}.Release|iPhoneSimulator.Build.0 = Release|Any CPU
		{FBED97A6-884B-4AFA-9A08-93712AF01680}.Release|iPhoneSimulator.Deploy.0 = Release|Any CPU
	EndGlobalSection
	GlobalSection(SolutionProperties) = preSolution
		HideSolutionNode = FALSE
	EndGlobalSection
	GlobalSection(ExtensibilityGlobals) = postSolution
		SolutionGuid = {B80F3F96-D4AA-409C-A363-B910968E793C}
	EndGlobalSection
EndGlobal
